
Microsoft Visual Studio Solution File, Format Version 12.00
# Visual Studio 2012
Project("{FAE04EC0-301F-11D3-BF4B-00C04F79EFBC}") = "MoneyTask", "MoneyTask\MoneyTask.csproj", "{572608DE-40AC-4F8B-8173-EAD7E62AEC23}"
EndProject
Global
	GlobalSection(SolutionConfigurationPlatforms) = preSolution
		Debug|x86 = Debug|x86
		Release|x86 = Release|x86
	EndGlobalSection
	GlobalSection(ProjectConfigurationPlatforms) = postSolution
		{572608DE-40AC-4F8B-8173-EAD7E62AEC23}.Debug|x86.ActiveCfg = Debug|x86
		{572608DE-40AC-4F8B-8173-EAD7E62AEC23}.Debug|x86.Build.0 = Debug|x86
		{572608DE-40AC-4F8B-8173-EAD7E62AEC23}.Release|x86.ActiveCfg = Release|x86
		{572608DE-40AC-4F8B-8173-EAD7E62AEC23}.Release|x86.Build.0 = Release|x86
	EndGlobalSection
EndGlobal
